// !$*UTF8*$!
{
	archiveVersion = 1;
	classes = {
	};
	objectVersion = 50;
	objects = {

/* Begin PBXBuildFile section */
		0D03123722A870C900D6077C /* main.cpp in Sources */ = {isa = PBXBuildFile; fileRef = 0D03123622A870C900D6077C /* main.cpp */; };
		0D03123F22A870FA00D6077C /* OpenGL.framework in Frameworks */ = {isa = PBXBuildFile; fileRef = 0D03123E22A870FA00D6077C /* OpenGL.framework */; };
		0D03124122A8711F00D6077C /* libGLEW.2.1.0.dylib in Frameworks */ = {isa = PBXBuildFile; fileRef = 0D03124022A8711F00D6077C /* libGLEW.2.1.0.dylib */; };
		0D03124322A8713900D6077C /* libglfw.3.3.dylib in Frameworks */ = {isa = PBXBuildFile; fileRef = 0D03124222A8713800D6077C /* libglfw.3.3.dylib */; };
		0D0D64BD22A9A49B0020A028 /* Shader.cpp in Sources */ = {isa = PBXBuildFile; fileRef = 0D0D64BB22A9A49B0020A028 /* Shader.cpp */; };
		0D0D64C022A9AC3B0020A028 /* Program.cpp in Sources */ = {isa = PBXBuildFile; fileRef = 0D0D64BE22A9AC3B0020A028 /* Program.cpp */; };
		0D4ED4BA22AD4CB10067276E /* camera.cpp in Sources */ = {isa = PBXBuildFile; fileRef = 0D4ED4B822AD4CB10067276E /* camera.cpp */; };
		0D4ED4BD22AD61240067276E /* Scene.cpp in Sources */ = {isa = PBXBuildFile; fileRef = 0D4ED4BB22AD61240067276E /* Scene.cpp */; };
		0D769C4C22AA7DEF006F9C42 /* VertexBufferObject.cpp in Sources */ = {isa = PBXBuildFile; fileRef = 0D769C4A22AA7DEF006F9C42 /* VertexBufferObject.cpp */; };
		0D769C4F22AA9215006F9C42 /* bufferData.cpp in Sources */ = {isa = PBXBuildFile; fileRef = 0D769C4D22AA9215006F9C42 /* bufferData.cpp */; };
		0D769C5722AC1FEA006F9C42 /* libSOIL.dylib in Frameworks */ = {isa = PBXBuildFile; fileRef = 0D769C5622AC1FEA006F9C42 /* libSOIL.dylib */; };
		0D769C5A22AC235C006F9C42 /* container.jpg in CopyFiles */ = {isa = PBXBuildFile; fileRef = 0D769C5922AC2356006F9C42 /* container.jpg */; };
		0D769C5C22AC2778006F9C42 /* awesomeface.png in CopyFiles */ = {isa = PBXBuildFile; fileRef = 0D769C5B22AC275F006F9C42 /* awesomeface.png */; };
		0D769C5F22AD11FB006F9C42 /* Texture.cpp in Sources */ = {isa = PBXBuildFile; fileRef = 0D769C5D22AD11FB006F9C42 /* Texture.cpp */; };
		0D868F3C22AA56FC009CDC5F /* fShader.frag in CopyFiles */ = {isa = PBXBuildFile; fileRef = 0D868F3A22AA56FC009CDC5F /* fShader.frag */; };
		0D868F3D22AA56FC009CDC5F /* vShader.vert in CopyFiles */ = {isa = PBXBuildFile; fileRef = 0D868F3B22AA56FC009CDC5F /* vShader.vert */; };
		0D90CEDB22AE429800E5789B /* fShaderLight.frag in CopyFiles */ = {isa = PBXBuildFile; fileRef = 0D90CEDA22AE426500E5789B /* fShaderLight.frag */; };
		0DF5B20722AEF03800BDFF16 /* container2.png in CopyFiles */ = {isa = PBXBuildFile; fileRef = 0DF5B20622AEF01600BDFF16 /* container2.png */; };
		0DF5B20922AEF64F00BDFF16 /* container2_specular.png in CopyFiles */ = {isa = PBXBuildFile; fileRef = 0DF5B20822AEF26B00BDFF16 /* container2_specular.png */; };
		0DF5B20B22AEF7F400BDFF16 /* matrix.jpg in CopyFiles */ = {isa = PBXBuildFile; fileRef = 0DF5B20A22AEF7E600BDFF16 /* matrix.jpg */; };
/* End PBXBuildFile section */

/* Begin PBXCopyFilesBuildPhase section */
		0D03123122A870C900D6077C /* CopyFiles */ = {
			isa = PBXCopyFilesBuildPhase;
			buildActionMask = 2147483647;
			dstPath = /usr/share/man/man1/;
			dstSubfolderSpec = 0;
			files = (
			);
			runOnlyForDeploymentPostprocessing = 1;
		};
		0D868F3822AA5688009CDC5F /* CopyFiles */ = {
			isa = PBXCopyFilesBuildPhase;
			buildActionMask = 2147483647;
			dstPath = "";
			dstSubfolderSpec = 16;
			files = (
				0DF5B20B22AEF7F400BDFF16 /* matrix.jpg in CopyFiles */,
				0DF5B20922AEF64F00BDFF16 /* container2_specular.png in CopyFiles */,
				0DF5B20722AEF03800BDFF16 /* container2.png in CopyFiles */,
				0D90CEDB22AE429800E5789B /* fShaderLight.frag in CopyFiles */,
				0D769C5C22AC2778006F9C42 /* awesomeface.png in CopyFiles */,
				0D769C5A22AC235C006F9C42 /* container.jpg in CopyFiles */,
				0D868F3C22AA56FC009CDC5F /* fShader.frag in CopyFiles */,
				0D868F3D22AA56FC009CDC5F /* vShader.vert in CopyFiles */,
			);
			runOnlyForDeploymentPostprocessing = 0;
		};
/* End PBXCopyFilesBuildPhase section */

/* Begin PBXFileReference section */
		0D03123322A870C900D6077C /* opengl */ = {isa = PBXFileReference; explicitFileType = "compiled.mach-o.executable"; includeInIndex = 0; path = opengl; sourceTree = BUILT_PRODUCTS_DIR; };
		0D03123622A870C900D6077C /* main.cpp */ = {isa = PBXFileReference; lastKnownFileType = sourcecode.cpp.cpp; path = main.cpp; sourceTree = "<group>"; };
		0D03123E22A870FA00D6077C /* OpenGL.framework */ = {isa = PBXFileReference; lastKnownFileType = wrapper.framework; name = OpenGL.framework; path = System/Library/Frameworks/OpenGL.framework; sourceTree = SDKROOT; };
		0D03124022A8711F00D6077C /* libGLEW.2.1.0.dylib */ = {isa = PBXFileReference; lastKnownFileType = "compiled.mach-o.dylib"; name = libGLEW.2.1.0.dylib; path = ../../../../../../usr/local/Cellar/glew/2.1.0/lib/libGLEW.2.1.0.dylib; sourceTree = "<group>"; };
		0D03124222A8713800D6077C /* libglfw.3.3.dylib */ = {isa = PBXFileReference; lastKnownFileType = "compiled.mach-o.dylib"; name = libglfw.3.3.dylib; path = ../../../../../../usr/local/Cellar/glfw/3.3/lib/libglfw.3.3.dylib; sourceTree = "<group>"; };
		0D0D64BB22A9A49B0020A028 /* Shader.cpp */ = {isa = PBXFileReference; lastKnownFileType = sourcecode.cpp.cpp; path = Shader.cpp; sourceTree = "<group>"; };
		0D0D64BC22A9A49B0020A028 /* Shader.hpp */ = {isa = PBXFileReference; lastKnownFileType = sourcecode.cpp.h; path = Shader.hpp; sourceTree = "<group>"; };
		0D0D64BE22A9AC3B0020A028 /* Program.cpp */ = {isa = PBXFileReference; lastKnownFileType = sourcecode.cpp.cpp; path = Program.cpp; sourceTree = "<group>"; };
		0D0D64BF22A9AC3B0020A028 /* Program.hpp */ = {isa = PBXFileReference; lastKnownFileType = sourcecode.cpp.h; path = Program.hpp; sourceTree = "<group>"; };
		0D0D64C122A9B5130020A028 /* fShader.frag */ = {isa = PBXFileReference; lastKnownFileType = sourcecode.glsl; name = fShader.frag; path = opengl/shaders/fShader.frag; sourceTree = SOURCE_ROOT; };
		0D0D64C222A9B5210020A028 /* vShader.vert */ = {isa = PBXFileReference; lastKnownFileType = sourcecode.glsl; name = vShader.vert; path = opengl/shaders/vShader.vert; sourceTree = SOURCE_ROOT; };
		0D4ED4B822AD4CB10067276E /* camera.cpp */ = {isa = PBXFileReference; lastKnownFileType = sourcecode.cpp.cpp; path = camera.cpp; sourceTree = "<group>"; };
		0D4ED4B922AD4CB10067276E /* camera.hpp */ = {isa = PBXFileReference; lastKnownFileType = sourcecode.cpp.h; path = camera.hpp; sourceTree = "<group>"; };
		0D4ED4BB22AD61240067276E /* Scene.cpp */ = {isa = PBXFileReference; lastKnownFileType = sourcecode.cpp.cpp; path = Scene.cpp; sourceTree = "<group>"; };
		0D4ED4BC22AD61240067276E /* Scene.hpp */ = {isa = PBXFileReference; lastKnownFileType = sourcecode.cpp.h; path = Scene.hpp; sourceTree = "<group>"; };
		0D769C4A22AA7DEF006F9C42 /* VertexBufferObject.cpp */ = {isa = PBXFileReference; lastKnownFileType = sourcecode.cpp.cpp; path = VertexBufferObject.cpp; sourceTree = "<group>"; };
		0D769C4B22AA7DEF006F9C42 /* VertexBufferObject.hpp */ = {isa = PBXFileReference; lastKnownFileType = sourcecode.cpp.h; path = VertexBufferObject.hpp; sourceTree = "<group>"; };
		0D769C4D22AA9215006F9C42 /* bufferData.cpp */ = {isa = PBXFileReference; lastKnownFileType = sourcecode.cpp.cpp; path = bufferData.cpp; sourceTree = "<group>"; };
		0D769C4E22AA9215006F9C42 /* bufferData.hpp */ = {isa = PBXFileReference; lastKnownFileType = sourcecode.cpp.h; path = bufferData.hpp; sourceTree = "<group>"; };
		0D769C5222AC1D95006F9C42 /* libSOIL.dylib */ = {isa = PBXFileReference; lastKnownFileType = "compiled.mach-o.dylib"; name = libSOIL.dylib; path = ../../../../../../usr/local/lib/libSOIL.dylib; sourceTree = "<group>"; };
		0D769C5622AC1FEA006F9C42 /* libSOIL.dylib */ = {isa = PBXFileReference; lastKnownFileType = "compiled.mach-o.dylib"; name = libSOIL.dylib; path = ../../../../../../usr/local/Cellar/libSOIL/libSOIL.dylib; sourceTree = "<group>"; };
		0D769C5922AC2356006F9C42 /* container.jpg */ = {isa = PBXFileReference; lastKnownFileType = image.jpeg; path = container.jpg; sourceTree = "<group>"; };
		0D769C5B22AC275F006F9C42 /* awesomeface.png */ = {isa = PBXFileReference; lastKnownFileType = image.png; path = awesomeface.png; sourceTree = "<group>"; };
		0D769C5D22AD11FB006F9C42 /* Texture.cpp */ = {isa = PBXFileReference; lastKnownFileType = sourcecode.cpp.cpp; path = Texture.cpp; sourceTree = "<group>"; };
		0D769C5E22AD11FB006F9C42 /* Texture.hpp */ = {isa = PBXFileReference; lastKnownFileType = sourcecode.cpp.h; path = Texture.hpp; sourceTree = "<group>"; };
		0D868F3A22AA56FC009CDC5F /* fShader.frag */ = {isa = PBXFileReference; lastKnownFileType = sourcecode.glsl; name = fShader.frag; path = opengl/shaders/fShader.frag; sourceTree = "<group>"; };
		0D868F3B22AA56FC009CDC5F /* vShader.vert */ = {isa = PBXFileReference; lastKnownFileType = sourcecode.glsl; name = vShader.vert; path = opengl/shaders/vShader.vert; sourceTree = "<group>"; };
		0D90CEDA22AE426500E5789B /* fShaderLight.frag */ = {isa = PBXFileReference; lastKnownFileType = sourcecode.glsl; path = fShaderLight.frag; sourceTree = "<group>"; };
		0DF5B20622AEF01600BDFF16 /* container2.png */ = {isa = PBXFileReference; lastKnownFileType = image.png; path = container2.png; sourceTree = "<group>"; };
		0DF5B20822AEF26B00BDFF16 /* container2_specular.png */ = {isa = PBXFileReference; lastKnownFileType = image.png; path = container2_specular.png; sourceTree = "<group>"; };
		0DF5B20A22AEF7E600BDFF16 /* matrix.jpg */ = {isa = PBXFileReference; lastKnownFileType = image.jpeg; path = matrix.jpg; sourceTree = "<group>"; };
/* End PBXFileReference section */

/* Begin PBXFrameworksBuildPhase section */
		0D03123022A870C900D6077C /* Frameworks */ = {
			isa = PBXFrameworksBuildPhase;
			buildActionMask = 2147483647;
			files = (
				0D769C5722AC1FEA006F9C42 /* libSOIL.dylib in Frameworks */,
				0D03124322A8713900D6077C /* libglfw.3.3.dylib in Frameworks */,
				0D03124122A8711F00D6077C /* libGLEW.2.1.0.dylib in Frameworks */,
				0D03123F22A870FA00D6077C /* OpenGL.framework in Frameworks */,
			);
			runOnlyForDeploymentPostprocessing = 0;
		};
/* End PBXFrameworksBuildPhase section */

/* Begin PBXGroup section */
		0D03122A22A870C900D6077C = {
			isa = PBXGroup;
			children = (
				0D868F3A22AA56FC009CDC5F /* fShader.frag */,
				0D868F3B22AA56FC009CDC5F /* vShader.vert */,
				0D03123522A870C900D6077C /* opengl */,
				0D03123422A870C900D6077C /* Products */,
				0D03123D22A870FA00D6077C /* Frameworks */,
			);
			sourceTree = "<group>";
		};
		0D03123422A870C900D6077C /* Products */ = {
			isa = PBXGroup;
			children = (
				0D03123322A870C900D6077C /* opengl */,
			);
			name = Products;
			sourceTree = "<group>";
		};
		0D03123522A870C900D6077C /* opengl */ = {
			isa = PBXGroup;
			children = (
				0D769C5822AC22E2006F9C42 /* resources */,
				0D868F3922AA56CB009CDC5F /* shaders */,
				0D0D64BA22A9A4860020A028 /* engine */,
				0D03123622A870C900D6077C /* main.cpp */,
			);
			path = opengl;
			sourceTree = "<group>";
		};
		0D03123D22A870FA00D6077C /* Frameworks */ = {
			isa = PBXGroup;
			children = (
				0D769C5222AC1D95006F9C42 /* libSOIL.dylib */,
				0D769C5622AC1FEA006F9C42 /* libSOIL.dylib */,
				0D03124222A8713800D6077C /* libglfw.3.3.dylib */,
				0D03124022A8711F00D6077C /* libGLEW.2.1.0.dylib */,
				0D03123E22A870FA00D6077C /* OpenGL.framework */,
			);
			name = Frameworks;
			sourceTree = "<group>";
		};
		0D0D64BA22A9A4860020A028 /* engine */ = {
			isa = PBXGroup;
			children = (
				0D0D64BB22A9A49B0020A028 /* Shader.cpp */,
				0D0D64BC22A9A49B0020A028 /* Shader.hpp */,
				0D0D64BE22A9AC3B0020A028 /* Program.cpp */,
				0D0D64BF22A9AC3B0020A028 /* Program.hpp */,
				0D769C4A22AA7DEF006F9C42 /* VertexBufferObject.cpp */,
				0D769C4B22AA7DEF006F9C42 /* VertexBufferObject.hpp */,
				0D769C4D22AA9215006F9C42 /* bufferData.cpp */,
				0D769C4E22AA9215006F9C42 /* bufferData.hpp */,
				0D769C5D22AD11FB006F9C42 /* Texture.cpp */,
				0D769C5E22AD11FB006F9C42 /* Texture.hpp */,
				0D4ED4B822AD4CB10067276E /* camera.cpp */,
				0D4ED4B922AD4CB10067276E /* camera.hpp */,
				0D4ED4BC22AD61240067276E /* Scene.hpp */,
				0D4ED4BB22AD61240067276E /* Scene.cpp */,
			);
			path = engine;
			sourceTree = "<group>";
		};
		0D769C5822AC22E2006F9C42 /* resources */ = {
			isa = PBXGroup;
			children = (
				0D769C5922AC2356006F9C42 /* container.jpg */,
				0DF5B20A22AEF7E600BDFF16 /* matrix.jpg */,
				0DF5B20622AEF01600BDFF16 /* container2.png */,
				0DF5B20822AEF26B00BDFF16 /* container2_specular.png */,
				0D769C5B22AC275F006F9C42 /* awesomeface.png */,
			);
			path = resources;
			sourceTree = "<group>";
		};
		0D868F3922AA56CB009CDC5F /* shaders */ = {
			isa = PBXGroup;
			children = (
				0D0D64C222A9B5210020A028 /* vShader.vert */,
				0D90CEDA22AE426500E5789B /* fShaderLight.frag */,
				0D0D64C122A9B5130020A028 /* fShader.frag */,
			);
			path = shaders;
			sourceTree = "<group>";
		};
/* End PBXGroup section */

/* Begin PBXNativeTarget section */
		0D03123222A870C900D6077C /* opengl */ = {
			isa = PBXNativeTarget;
			buildConfigurationList = 0D03123A22A870C900D6077C /* Build configuration list for PBXNativeTarget "opengl" */;
			buildPhases = (
				0D03122F22A870C900D6077C /* Sources */,
				0D03123022A870C900D6077C /* Frameworks */,
				0D03123122A870C900D6077C /* CopyFiles */,
				0D868F3822AA5688009CDC5F /* CopyFiles */,
			);
			buildRules = (
			);
			dependencies = (
			);
			name = opengl;
			productName = opengl;
			productReference = 0D03123322A870C900D6077C /* opengl */;
			productType = "com.apple.product-type.tool";
		};
/* End PBXNativeTarget section */

/* Begin PBXProject section */
		0D03122B22A870C900D6077C /* Project object */ = {
			isa = PBXProject;
			attributes = {
				LastUpgradeCheck = 1020;
				ORGANIZATIONNAME = "Vladislav Khudiakov";
				TargetAttributes = {
					0D03123222A870C900D6077C = {
						CreatedOnToolsVersion = 10.2.1;
					};
				};
			};
			buildConfigurationList = 0D03122E22A870C900D6077C /* Build configuration list for PBXProject "opengl" */;
			compatibilityVersion = "Xcode 9.3";
			developmentRegion = en;
			hasScannedForEncodings = 0;
			knownRegions = (
				en,
			);
			mainGroup = 0D03122A22A870C900D6077C;
			productRefGroup = 0D03123422A870C900D6077C /* Products */;
			projectDirPath = "";
			projectRoot = "";
			targets = (
				0D03123222A870C900D6077C /* opengl */,
			);
		};
/* End PBXProject section */

/* Begin PBXSourcesBuildPhase section */
		0D03122F22A870C900D6077C /* Sources */ = {
			isa = PBXSourcesBuildPhase;
			buildActionMask = 2147483647;
			files = (
				0D4ED4BD22AD61240067276E /* Scene.cpp in Sources */,
				0D4ED4BA22AD4CB10067276E /* camera.cpp in Sources */,
				0D0D64C022A9AC3B0020A028 /* Program.cpp in Sources */,
				0D769C4F22AA9215006F9C42 /* bufferData.cpp in Sources */,
				0D0D64BD22A9A49B0020A028 /* Shader.cpp in Sources */,
				0D769C5F22AD11FB006F9C42 /* Texture.cpp in Sources */,
				0D769C4C22AA7DEF006F9C42 /* VertexBufferObject.cpp in Sources */,
				0D03123722A870C900D6077C /* main.cpp in Sources */,
			);
			runOnlyForDeploymentPostprocessing = 0;
		};
/* End PBXSourcesBuildPhase section */

/* Begin XCBuildConfiguration section */
		0D03123822A870C900D6077C /* Debug */ = {
			isa = XCBuildConfiguration;
			buildSettings = {
				ALWAYS_SEARCH_USER_PATHS = NO;
				CLANG_ANALYZER_NONNULL = YES;
				CLANG_ANALYZER_NUMBER_OBJECT_CONVERSION = YES_AGGRESSIVE;
				CLANG_CXX_LANGUAGE_STANDARD = "gnu++14";
				CLANG_CXX_LIBRARY = "libc++";
				CLANG_ENABLE_MODULES = YES;
				CLANG_ENABLE_OBJC_ARC = YES;
				CLANG_ENABLE_OBJC_WEAK = YES;
				CLANG_WARN_BLOCK_CAPTURE_AUTORELEASING = YES;
				CLANG_WARN_BOOL_CONVERSION = YES;
				CLANG_WARN_COMMA = YES;
				CLANG_WARN_CONSTANT_CONVERSION = YES;
				CLANG_WARN_DEPRECATED_OBJC_IMPLEMENTATIONS = YES;
				CLANG_WARN_DIRECT_OBJC_ISA_USAGE = YES_ERROR;
				CLANG_WARN_DOCUMENTATION_COMMENTS = YES;
				CLANG_WARN_EMPTY_BODY = YES;
				CLANG_WARN_ENUM_CONVERSION = YES;
				CLANG_WARN_INFINITE_RECURSION = YES;
				CLANG_WARN_INT_CONVERSION = YES;
				CLANG_WARN_NON_LITERAL_NULL_CONVERSION = YES;
				CLANG_WARN_OBJC_IMPLICIT_RETAIN_SELF = YES;
				CLANG_WARN_OBJC_LITERAL_CONVERSION = YES;
				CLANG_WARN_OBJC_ROOT_CLASS = YES_ERROR;
				CLANG_WARN_RANGE_LOOP_ANALYSIS = YES;
				CLANG_WARN_STRICT_PROTOTYPES = YES;
				CLANG_WARN_SUSPICIOUS_MOVE = YES;
				CLANG_WARN_UNGUARDED_AVAILABILITY = YES_AGGRESSIVE;
				CLANG_WARN_UNREACHABLE_CODE = YES;
				CLANG_WARN__DUPLICATE_METHOD_MATCH = YES;
				CODE_SIGN_IDENTITY = "Mac Developer";
				COPY_PHASE_STRIP = NO;
				DEBUG_INFORMATION_FORMAT = dwarf;
				ENABLE_STRICT_OBJC_MSGSEND = YES;
				ENABLE_TESTABILITY = YES;
				GCC_C_LANGUAGE_STANDARD = gnu11;
				GCC_DYNAMIC_NO_PIC = NO;
				GCC_NO_COMMON_BLOCKS = YES;
				GCC_OPTIMIZATION_LEVEL = 0;
				GCC_PREPROCESSOR_DEFINITIONS = (
					"DEBUG=1",
					"$(inherited)",
				);
				GCC_WARN_64_TO_32_BIT_CONVERSION = YES;
				GCC_WARN_ABOUT_RETURN_TYPE = YES_ERROR;
				GCC_WARN_UNDECLARED_SELECTOR = YES;
				GCC_WARN_UNINITIALIZED_AUTOS = YES_AGGRESSIVE;
				GCC_WARN_UNUSED_FUNCTION = YES;
				GCC_WARN_UNUSED_VARIABLE = YES;
				MACOSX_DEPLOYMENT_TARGET = 10.14;
				MTL_ENABLE_DEBUG_INFO = INCLUDE_SOURCE;
				MTL_FAST_MATH = YES;
				ONLY_ACTIVE_ARCH = YES;
				SDKROOT = macosx;
			};
			name = Debug;
		};
		0D03123922A870C900D6077C /* Release */ = {
			isa = XCBuildConfiguration;
			buildSettings = {
				ALWAYS_SEARCH_USER_PATHS = NO;
				CLANG_ANALYZER_NONNULL = YES;
				CLANG_ANALYZER_NUMBER_OBJECT_CONVERSION = YES_AGGRESSIVE;
				CLANG_CXX_LANGUAGE_STANDARD = "gnu++14";
				CLANG_CXX_LIBRARY = "libc++";
				CLANG_ENABLE_MODULES = YES;
				CLANG_ENABLE_OBJC_ARC = YES;
				CLANG_ENABLE_OBJC_WEAK = YES;
				CLANG_WARN_BLOCK_CAPTURE_AUTORELEASING = YES;
				CLANG_WARN_BOOL_CONVERSION = YES;
				CLANG_WARN_COMMA = YES;
				CLANG_WARN_CONSTANT_CONVERSION = YES;
				CLANG_WARN_DEPRECATED_OBJC_IMPLEMENTATIONS = YES;
				CLANG_WARN_DIRECT_OBJC_ISA_USAGE = YES_ERROR;
				CLANG_WARN_DOCUMENTATION_COMMENTS = YES;
				CLANG_WARN_EMPTY_BODY = YES;
				CLANG_WARN_ENUM_CONVERSION = YES;
				CLANG_WARN_INFINITE_RECURSION = YES;
				CLANG_WARN_INT_CONVERSION = YES;
				CLANG_WARN_NON_LITERAL_NULL_CONVERSION = YES;
				CLANG_WARN_OBJC_IMPLICIT_RETAIN_SELF = YES;
				CLANG_WARN_OBJC_LITERAL_CONVERSION = YES;
				CLANG_WARN_OBJC_ROOT_CLASS = YES_ERROR;
				CLANG_WARN_RANGE_LOOP_ANALYSIS = YES;
				CLANG_WARN_STRICT_PROTOTYPES = YES;
				CLANG_WARN_SUSPICIOUS_MOVE = YES;
				CLANG_WARN_UNGUARDED_AVAILABILITY = YES_AGGRESSIVE;
				CLANG_WARN_UNREACHABLE_CODE = YES;
				CLANG_WARN__DUPLICATE_METHOD_MATCH = YES;
				CODE_SIGN_IDENTITY = "Mac Developer";
				COPY_PHASE_STRIP = NO;
				DEBUG_INFORMATION_FORMAT = "dwarf-with-dsym";
				ENABLE_NS_ASSERTIONS = NO;
				ENABLE_STRICT_OBJC_MSGSEND = YES;
				GCC_C_LANGUAGE_STANDARD = gnu11;
				GCC_NO_COMMON_BLOCKS = YES;
				GCC_WARN_64_TO_32_BIT_CONVERSION = YES;
				GCC_WARN_ABOUT_RETURN_TYPE = YES_ERROR;
				GCC_WARN_UNDECLARED_SELECTOR = YES;
				GCC_WARN_UNINITIALIZED_AUTOS = YES_AGGRESSIVE;
				GCC_WARN_UNUSED_FUNCTION = YES;
				GCC_WARN_UNUSED_VARIABLE = YES;
				MACOSX_DEPLOYMENT_TARGET = 10.14;
				MTL_ENABLE_DEBUG_INFO = NO;
				MTL_FAST_MATH = YES;
				SDKROOT = macosx;
			};
			name = Release;
		};
		0D03123B22A870C900D6077C /* Debug */ = {
			isa = XCBuildConfiguration;
			buildSettings = {
				CODE_SIGN_STYLE = Automatic;
				DEVELOPMENT_TEAM = 7M958ZX4GY;
				HEADER_SEARCH_PATHS = /usr/local/include;
				LIBRARY_SEARCH_PATHS = (
					"$(inherited)",
					/usr/local/Cellar/glew/2.1.0/lib,
					/usr/local/Cellar/glfw/3.3/lib,
					/usr/local/Cellar/libSOIL,
				);
				PRODUCT_NAME = "$(TARGET_NAME)";
			};
			name = Debug;
		};
		0D03123C22A870C900D6077C /* Release */ = {
			isa = XCBuildConfiguration;
			buildSettings = {
				CODE_SIGN_STYLE = Automatic;
				DEVELOPMENT_TEAM = 7M958ZX4GY;
				HEADER_SEARCH_PATHS = /usr/local/include;
				LIBRARY_SEARCH_PATHS = (
					"$(inherited)",
					/usr/local/Cellar/glew/2.1.0/lib,
					/usr/local/Cellar/glfw/3.3/lib,
					/usr/local/Cellar/libSOIL,
				);
				PRODUCT_NAME = "$(TARGET_NAME)";
			};
			name = Release;
		};
/* End XCBuildConfiguration section */

/* Begin XCConfigurationList section */
		0D03122E22A870C900D6077C /* Build configuration list for PBXProject "opengl" */ = {
			isa = XCConfigurationList;
			buildConfigurations = (
				0D03123822A870C900D6077C /* Debug */,
				0D03123922A870C900D6077C /* Release */,
			);
			defaultConfigurationIsVisible = 0;
			defaultConfigurationName = Release;
		};
		0D03123A22A870C900D6077C /* Build configuration list for PBXNativeTarget "opengl" */ = {
			isa = XCConfigurationList;
			buildConfigurations = (
				0D03123B22A870C900D6077C /* Debug */,
				0D03123C22A870C900D6077C /* Release */,
			);
			defaultConfigurationIsVisible = 0;
			defaultConfigurationName = Release;
		};
/* End XCConfigurationList section */
	};
	rootObject = 0D03122B22A870C900D6077C /* Project object */;
}
