// !$*UTF8*$!
{
	archiveVersion = 1;
	classes = {
	};
	objectVersion = 50;
	objects = {

/* Begin PBXBuildFile section */
		0D03123722A870C900D6077C /* main.cpp in Sources */ = {isa = PBXBuildFile; fileRef = 0D03123622A870C900D6077C /* main.cpp */; };
		0D03123F22A870FA00D6077C /* OpenGL.framework in Frameworks */ = {isa = PBXBuildFile; fileRef = 0D03123E22A870FA00D6077C /* OpenGL.framework */; };
		0D03124122A8711F00D6077C /* libGLEW.2.1.0.dylib in Frameworks */ = {isa = PBXBuildFile; fileRef = 0D03124022A8711F00D6077C /* libGLEW.2.1.0.dylib */; };
		0D03124322A8713900D6077C /* libglfw.3.3.dylib in Frameworks */ = {isa = PBXBuildFile; fileRef = 0D03124222A8713800D6077C /* libglfw.3.3.dylib */; };
		0D0D64BD22A9A49B0020A028 /* Shader.cpp in Sources */ = {isa = PBXBuildFile; fileRef = 0D0D64BB22A9A49B0020A028 /* Shader.cpp */; };
		0D0D64C022A9AC3B0020A028 /* Program.cpp in Sources */ = {isa = PBXBuildFile; fileRef = 0D0D64BE22A9AC3B0020A028 /* Program.cpp */; };
		0D1AEEF322C0C33A007C96FF /* Cube.cpp in Sources */ = {isa = PBXBuildFile; fileRef = 0D1AEEF122C0C33A007C96FF /* Cube.cpp */; };
		0D4ED4BA22AD4CB10067276E /* camera.cpp in Sources */ = {isa = PBXBuildFile; fileRef = 0D4ED4B822AD4CB10067276E /* camera.cpp */; };
		0D4ED4BD22AD61240067276E /* Scene.cpp in Sources */ = {isa = PBXBuildFile; fileRef = 0D4ED4BB22AD61240067276E /* Scene.cpp */; };
		0D769C4C22AA7DEF006F9C42 /* VertexBufferObject.cpp in Sources */ = {isa = PBXBuildFile; fileRef = 0D769C4A22AA7DEF006F9C42 /* VertexBufferObject.cpp */; };
		0D769C5722AC1FEA006F9C42 /* libSOIL.dylib in Frameworks */ = {isa = PBXBuildFile; fileRef = 0D769C5622AC1FEA006F9C42 /* libSOIL.dylib */; };
		0D769C5A22AC235C006F9C42 /* container.jpg in CopyFiles */ = {isa = PBXBuildFile; fileRef = 0D769C5922AC2356006F9C42 /* container.jpg */; };
		0D769C5C22AC2778006F9C42 /* awesomeface.png in CopyFiles */ = {isa = PBXBuildFile; fileRef = 0D769C5B22AC275F006F9C42 /* awesomeface.png */; };
		0D769C5F22AD11FB006F9C42 /* Texture.cpp in Sources */ = {isa = PBXBuildFile; fileRef = 0D769C5D22AD11FB006F9C42 /* Texture.cpp */; };
		0D797B6C22B103E7006F766A /* Mesh.cpp in Sources */ = {isa = PBXBuildFile; fileRef = 0D797B6A22B103E7006F766A /* Mesh.cpp */; };
		0D797B6F22B10718006F766A /* Model.cpp in Sources */ = {isa = PBXBuildFile; fileRef = 0D797B6D22B10718006F766A /* Model.cpp */; };
		0D797B7122B1090B006F766A /* nanosuit in CopyFiles */ = {isa = PBXBuildFile; fileRef = 0D797B7022B108FB006F766A /* nanosuit */; };
		0D868F3C22AA56FC009CDC5F /* fShader.frag in CopyFiles */ = {isa = PBXBuildFile; fileRef = 0D868F3A22AA56FC009CDC5F /* fShader.frag */; };
		0D868F3D22AA56FC009CDC5F /* vShader.vert in CopyFiles */ = {isa = PBXBuildFile; fileRef = 0D868F3B22AA56FC009CDC5F /* vShader.vert */; };
		0D90CEDB22AE429800E5789B /* fShaderLight.frag in CopyFiles */ = {isa = PBXBuildFile; fileRef = 0D90CEDA22AE426500E5789B /* fShaderLight.frag */; };
		0DB62C0922B97E7900021E0B /* postprocessing_fShader.frag in CopyFiles */ = {isa = PBXBuildFile; fileRef = 0DB62C0722B97D5300021E0B /* postprocessing_fShader.frag */; };
		0DB62C0A22B97E7900021E0B /* postprocessing_vShader.vert in CopyFiles */ = {isa = PBXBuildFile; fileRef = 0DB62C0822B97D5300021E0B /* postprocessing_vShader.vert */; };
		0DCC963922B6B78300F08687 /* marble.jpg in CopyFiles */ = {isa = PBXBuildFile; fileRef = 0DCC963722B6B77D00F08687 /* marble.jpg */; };
		0DCC963A22B6B78300F08687 /* metal.png in CopyFiles */ = {isa = PBXBuildFile; fileRef = 0DCC963822B6B77D00F08687 /* metal.png */; };
		0DCC963C22B6B88400F08687 /* deph_test.frag in CopyFiles */ = {isa = PBXBuildFile; fileRef = 0DCC963B22B6B83300F08687 /* deph_test.frag */; };
		0DCC963E22B6CB5000F08687 /* grass.png in CopyFiles */ = {isa = PBXBuildFile; fileRef = 0DCC963D22B6CB0400F08687 /* grass.png */; };
		0DCC964022B6CC6E00F08687 /* shader_blending.frag in CopyFiles */ = {isa = PBXBuildFile; fileRef = 0DCC963F22B6CBDA00F08687 /* shader_blending.frag */; };
		0DCC964222B6CFF500F08687 /* blending_transparent_window.png in CopyFiles */ = {isa = PBXBuildFile; fileRef = 0DCC964122B6CFED00F08687 /* blending_transparent_window.png */; };
		0DCC964522B6D9A400F08687 /* constants.cpp in Sources */ = {isa = PBXBuildFile; fileRef = 0DCC964322B6D9A400F08687 /* constants.cpp */; };
		0DED18A522B4196C00A0133C /* cube.obj in CopyFiles */ = {isa = PBXBuildFile; fileRef = 0DED18A422B4193D00A0133C /* cube.obj */; };
		0DED18A722B4207700A0133C /* Crate1.obj in CopyFiles */ = {isa = PBXBuildFile; fileRef = 0DED18A622B4206D00A0133C /* Crate1.obj */; };
		0DED18A922B4247C00A0133C /* cube2.obj in CopyFiles */ = {isa = PBXBuildFile; fileRef = 0DED18A822B4246400A0133C /* cube2.obj */; };
		0DEF475422C2A9E000258E6C /* skybox in CopyFiles */ = {isa = PBXBuildFile; fileRef = 0DEF475322C2A9CA00258E6C /* skybox */; };
		0DEF475722C2AEBE00258E6C /* skybox_shader.frag in CopyFiles */ = {isa = PBXBuildFile; fileRef = 0DEF475622C2ADBF00258E6C /* skybox_shader.frag */; };
		0DEF475822C2AEBE00258E6C /* skybox_shader.vert in CopyFiles */ = {isa = PBXBuildFile; fileRef = 0DEF475522C2ADBF00258E6C /* skybox_shader.vert */; };
		0DEF475B22C2B98600258E6C /* Skybox.cpp in Sources */ = {isa = PBXBuildFile; fileRef = 0DEF475922C2B98600258E6C /* Skybox.cpp */; };
		0DEF476122C3B0E000258E6C /* CubemapTexture.cpp in Sources */ = {isa = PBXBuildFile; fileRef = 0DEF475F22C3B0E000258E6C /* CubemapTexture.cpp */; };
		0DEF476422C3B49600258E6C /* BaseTexture.cpp in Sources */ = {isa = PBXBuildFile; fileRef = 0DEF476222C3B49600258E6C /* BaseTexture.cpp */; };
		0DEF476622C3F9A900258E6C /* reflection_shader.frag in CopyFiles */ = {isa = PBXBuildFile; fileRef = 0DEF476522C3F98D00258E6C /* reflection_shader.frag */; };
		0DF4E6EE22BCEFFE00F42D88 /* Framebuffer.cpp in Sources */ = {isa = PBXBuildFile; fileRef = 0DF4E6EC22BCEFFE00F42D88 /* Framebuffer.cpp */; };
		0DF5B20722AEF03800BDFF16 /* container2.png in CopyFiles */ = {isa = PBXBuildFile; fileRef = 0DF5B20622AEF01600BDFF16 /* container2.png */; };
		0DF5B20922AEF64F00BDFF16 /* container2_specular.png in CopyFiles */ = {isa = PBXBuildFile; fileRef = 0DF5B20822AEF26B00BDFF16 /* container2_specular.png */; };
		0DF5B20B22AEF7F400BDFF16 /* matrix.jpg in CopyFiles */ = {isa = PBXBuildFile; fileRef = 0DF5B20A22AEF7E600BDFF16 /* matrix.jpg */; };
		0DF5B20D22B042DA00BDFF16 /* libassimp.4.1.0.dylib in Frameworks */ = {isa = PBXBuildFile; fileRef = 0DF5B20C22B042DA00BDFF16 /* libassimp.4.1.0.dylib */; };
/* End PBXBuildFile section */

/* Begin PBXCopyFilesBuildPhase section */
		0D03123122A870C900D6077C /* CopyFiles */ = {
			isa = PBXCopyFilesBuildPhase;
			buildActionMask = 2147483647;
			dstPath = /usr/share/man/man1/;
			dstSubfolderSpec = 0;
			files = (
			);
			runOnlyForDeploymentPostprocessing = 1;
		};
		0D868F3822AA5688009CDC5F /* CopyFiles */ = {
			isa = PBXCopyFilesBuildPhase;
			buildActionMask = 2147483647;
			dstPath = "";
			dstSubfolderSpec = 16;
			files = (
				0DEF476622C3F9A900258E6C /* reflection_shader.frag in CopyFiles */,
				0DEF475722C2AEBE00258E6C /* skybox_shader.frag in CopyFiles */,
				0DEF475822C2AEBE00258E6C /* skybox_shader.vert in CopyFiles */,
				0DEF475422C2A9E000258E6C /* skybox in CopyFiles */,
				0DB62C0922B97E7900021E0B /* postprocessing_fShader.frag in CopyFiles */,
				0DB62C0A22B97E7900021E0B /* postprocessing_vShader.vert in CopyFiles */,
				0DCC964222B6CFF500F08687 /* blending_transparent_window.png in CopyFiles */,
				0DCC964022B6CC6E00F08687 /* shader_blending.frag in CopyFiles */,
				0DCC963E22B6CB5000F08687 /* grass.png in CopyFiles */,
				0DCC963C22B6B88400F08687 /* deph_test.frag in CopyFiles */,
				0DCC963922B6B78300F08687 /* marble.jpg in CopyFiles */,
				0DCC963A22B6B78300F08687 /* metal.png in CopyFiles */,
				0DED18A922B4247C00A0133C /* cube2.obj in CopyFiles */,
				0DED18A722B4207700A0133C /* Crate1.obj in CopyFiles */,
				0DED18A522B4196C00A0133C /* cube.obj in CopyFiles */,
				0D797B7122B1090B006F766A /* nanosuit in CopyFiles */,
				0DF5B20B22AEF7F400BDFF16 /* matrix.jpg in CopyFiles */,
				0DF5B20922AEF64F00BDFF16 /* container2_specular.png in CopyFiles */,
				0DF5B20722AEF03800BDFF16 /* container2.png in CopyFiles */,
				0D90CEDB22AE429800E5789B /* fShaderLight.frag in CopyFiles */,
				0D769C5C22AC2778006F9C42 /* awesomeface.png in CopyFiles */,
				0D769C5A22AC235C006F9C42 /* container.jpg in CopyFiles */,
				0D868F3C22AA56FC009CDC5F /* fShader.frag in CopyFiles */,
				0D868F3D22AA56FC009CDC5F /* vShader.vert in CopyFiles */,
			);
			runOnlyForDeploymentPostprocessing = 0;
		};
/* End PBXCopyFilesBuildPhase section */

/* Begin PBXFileReference section */
		0D03123322A870C900D6077C /* opengl */ = {isa = PBXFileReference; explicitFileType = "compiled.mach-o.executable"; includeInIndex = 0; path = opengl; sourceTree = BUILT_PRODUCTS_DIR; };
		0D03123622A870C900D6077C /* main.cpp */ = {isa = PBXFileReference; lastKnownFileType = sourcecode.cpp.cpp; path = main.cpp; sourceTree = "<group>"; };
		0D03123E22A870FA00D6077C /* OpenGL.framework */ = {isa = PBXFileReference; lastKnownFileType = wrapper.framework; name = OpenGL.framework; path = System/Library/Frameworks/OpenGL.framework; sourceTree = SDKROOT; };
		0D03124022A8711F00D6077C /* libGLEW.2.1.0.dylib */ = {isa = PBXFileReference; lastKnownFileType = "compiled.mach-o.dylib"; name = libGLEW.2.1.0.dylib; path = ../../../../../../usr/local/Cellar/glew/2.1.0/lib/libGLEW.2.1.0.dylib; sourceTree = "<group>"; };
		0D03124222A8713800D6077C /* libglfw.3.3.dylib */ = {isa = PBXFileReference; lastKnownFileType = "compiled.mach-o.dylib"; name = libglfw.3.3.dylib; path = ../../../../../../usr/local/Cellar/glfw/3.3/lib/libglfw.3.3.dylib; sourceTree = "<group>"; };
		0D0D64BB22A9A49B0020A028 /* Shader.cpp */ = {isa = PBXFileReference; lastKnownFileType = sourcecode.cpp.cpp; path = Shader.cpp; sourceTree = "<group>"; };
		0D0D64BC22A9A49B0020A028 /* Shader.hpp */ = {isa = PBXFileReference; lastKnownFileType = sourcecode.cpp.h; path = Shader.hpp; sourceTree = "<group>"; };
		0D0D64BE22A9AC3B0020A028 /* Program.cpp */ = {isa = PBXFileReference; lastKnownFileType = sourcecode.cpp.cpp; path = Program.cpp; sourceTree = "<group>"; };
		0D0D64BF22A9AC3B0020A028 /* Program.hpp */ = {isa = PBXFileReference; lastKnownFileType = sourcecode.cpp.h; path = Program.hpp; sourceTree = "<group>"; };
		0D0D64C122A9B5130020A028 /* fShader.frag */ = {isa = PBXFileReference; lastKnownFileType = sourcecode.glsl; name = fShader.frag; path = opengl/shaders/fShader.frag; sourceTree = SOURCE_ROOT; };
		0D0D64C222A9B5210020A028 /* vShader.vert */ = {isa = PBXFileReference; lastKnownFileType = sourcecode.glsl; name = vShader.vert; path = opengl/shaders/vShader.vert; sourceTree = SOURCE_ROOT; };
		0D1AEEF122C0C33A007C96FF /* Cube.cpp */ = {isa = PBXFileReference; lastKnownFileType = sourcecode.cpp.cpp; path = Cube.cpp; sourceTree = "<group>"; };
		0D1AEEF222C0C33A007C96FF /* Cube.hpp */ = {isa = PBXFileReference; lastKnownFileType = sourcecode.cpp.h; path = Cube.hpp; sourceTree = "<group>"; };
		0D4ED4B822AD4CB10067276E /* camera.cpp */ = {isa = PBXFileReference; lastKnownFileType = sourcecode.cpp.cpp; path = camera.cpp; sourceTree = "<group>"; };
		0D4ED4B922AD4CB10067276E /* camera.hpp */ = {isa = PBXFileReference; lastKnownFileType = sourcecode.cpp.h; path = camera.hpp; sourceTree = "<group>"; };
		0D4ED4BB22AD61240067276E /* Scene.cpp */ = {isa = PBXFileReference; lastKnownFileType = sourcecode.cpp.cpp; path = Scene.cpp; sourceTree = "<group>"; };
		0D4ED4BC22AD61240067276E /* Scene.hpp */ = {isa = PBXFileReference; lastKnownFileType = sourcecode.cpp.h; path = Scene.hpp; sourceTree = "<group>"; };
		0D769C4A22AA7DEF006F9C42 /* VertexBufferObject.cpp */ = {isa = PBXFileReference; lastKnownFileType = sourcecode.cpp.cpp; path = VertexBufferObject.cpp; sourceTree = "<group>"; };
		0D769C4B22AA7DEF006F9C42 /* VertexBufferObject.hpp */ = {isa = PBXFileReference; lastKnownFileType = sourcecode.cpp.h; path = VertexBufferObject.hpp; sourceTree = "<group>"; };
		0D769C5222AC1D95006F9C42 /* libSOIL.dylib */ = {isa = PBXFileReference; lastKnownFileType = "compiled.mach-o.dylib"; name = libSOIL.dylib; path = ../../../../../../usr/local/lib/libSOIL.dylib; sourceTree = "<group>"; };
		0D769C5622AC1FEA006F9C42 /* libSOIL.dylib */ = {isa = PBXFileReference; lastKnownFileType = "compiled.mach-o.dylib"; name = libSOIL.dylib; path = ../../../../../../usr/local/Cellar/libSOIL/libSOIL.dylib; sourceTree = "<group>"; };
		0D769C5922AC2356006F9C42 /* container.jpg */ = {isa = PBXFileReference; lastKnownFileType = image.jpeg; path = container.jpg; sourceTree = "<group>"; };
		0D769C5B22AC275F006F9C42 /* awesomeface.png */ = {isa = PBXFileReference; lastKnownFileType = image.png; path = awesomeface.png; sourceTree = "<group>"; };
		0D769C5D22AD11FB006F9C42 /* Texture.cpp */ = {isa = PBXFileReference; lastKnownFileType = sourcecode.cpp.cpp; path = Texture.cpp; sourceTree = "<group>"; };
		0D769C5E22AD11FB006F9C42 /* Texture.hpp */ = {isa = PBXFileReference; lastKnownFileType = sourcecode.cpp.h; path = Texture.hpp; sourceTree = "<group>"; };
		0D797B6A22B103E7006F766A /* Mesh.cpp */ = {isa = PBXFileReference; lastKnownFileType = sourcecode.cpp.cpp; path = Mesh.cpp; sourceTree = "<group>"; };
		0D797B6B22B103E7006F766A /* Mesh.hpp */ = {isa = PBXFileReference; lastKnownFileType = sourcecode.cpp.h; path = Mesh.hpp; sourceTree = "<group>"; };
		0D797B6D22B10718006F766A /* Model.cpp */ = {isa = PBXFileReference; lastKnownFileType = sourcecode.cpp.cpp; path = Model.cpp; sourceTree = "<group>"; };
		0D797B6E22B10718006F766A /* Model.hpp */ = {isa = PBXFileReference; lastKnownFileType = sourcecode.cpp.h; path = Model.hpp; sourceTree = "<group>"; };
		0D797B7022B108FB006F766A /* nanosuit */ = {isa = PBXFileReference; lastKnownFileType = folder; path = nanosuit; sourceTree = "<group>"; };
		0D868F3A22AA56FC009CDC5F /* fShader.frag */ = {isa = PBXFileReference; lastKnownFileType = sourcecode.glsl; path = fShader.frag; sourceTree = "<group>"; };
		0D868F3B22AA56FC009CDC5F /* vShader.vert */ = {isa = PBXFileReference; lastKnownFileType = sourcecode.glsl; path = vShader.vert; sourceTree = "<group>"; };
		0D90CEDA22AE426500E5789B /* fShaderLight.frag */ = {isa = PBXFileReference; lastKnownFileType = sourcecode.glsl; path = fShaderLight.frag; sourceTree = "<group>"; };
		0DB62C0722B97D5300021E0B /* postprocessing_fShader.frag */ = {isa = PBXFileReference; lastKnownFileType = sourcecode.glsl; path = postprocessing_fShader.frag; sourceTree = "<group>"; };
		0DB62C0822B97D5300021E0B /* postprocessing_vShader.vert */ = {isa = PBXFileReference; lastKnownFileType = sourcecode.glsl; path = postprocessing_vShader.vert; sourceTree = "<group>"; };
		0DCC963722B6B77D00F08687 /* marble.jpg */ = {isa = PBXFileReference; lastKnownFileType = image.jpeg; path = marble.jpg; sourceTree = "<group>"; };
		0DCC963822B6B77D00F08687 /* metal.png */ = {isa = PBXFileReference; lastKnownFileType = image.png; path = metal.png; sourceTree = "<group>"; };
		0DCC963B22B6B83300F08687 /* deph_test.frag */ = {isa = PBXFileReference; lastKnownFileType = sourcecode.glsl; path = deph_test.frag; sourceTree = "<group>"; };
		0DCC963D22B6CB0400F08687 /* grass.png */ = {isa = PBXFileReference; lastKnownFileType = image.png; path = grass.png; sourceTree = "<group>"; };
		0DCC963F22B6CBDA00F08687 /* shader_blending.frag */ = {isa = PBXFileReference; lastKnownFileType = sourcecode.glsl; path = shader_blending.frag; sourceTree = "<group>"; };
		0DCC964122B6CFED00F08687 /* blending_transparent_window.png */ = {isa = PBXFileReference; lastKnownFileType = image.png; path = blending_transparent_window.png; sourceTree = "<group>"; };
		0DCC964322B6D9A400F08687 /* constants.cpp */ = {isa = PBXFileReference; lastKnownFileType = sourcecode.cpp.cpp; path = constants.cpp; sourceTree = "<group>"; };
		0DCC964422B6D9A400F08687 /* constants.hpp */ = {isa = PBXFileReference; lastKnownFileType = sourcecode.cpp.h; path = constants.hpp; sourceTree = "<group>"; };
		0DED18A422B4193D00A0133C /* cube.obj */ = {isa = PBXFileReference; lastKnownFileType = text; path = cube.obj; sourceTree = "<group>"; };
		0DED18A622B4206D00A0133C /* Crate1.obj */ = {isa = PBXFileReference; lastKnownFileType = text; path = Crate1.obj; sourceTree = "<group>"; };
		0DED18A822B4246400A0133C /* cube2.obj */ = {isa = PBXFileReference; lastKnownFileType = text; name = cube2.obj; path = ../../../../../Downloads/Crate/cube2.obj; sourceTree = "<group>"; };
		0DEF475322C2A9CA00258E6C /* skybox */ = {isa = PBXFileReference; lastKnownFileType = folder; path = skybox; sourceTree = "<group>"; };
		0DEF475522C2ADBF00258E6C /* skybox_shader.vert */ = {isa = PBXFileReference; lastKnownFileType = sourcecode.glsl; path = skybox_shader.vert; sourceTree = "<group>"; };
		0DEF475622C2ADBF00258E6C /* skybox_shader.frag */ = {isa = PBXFileReference; lastKnownFileType = sourcecode.glsl; path = skybox_shader.frag; sourceTree = "<group>"; };
		0DEF475922C2B98600258E6C /* Skybox.cpp */ = {isa = PBXFileReference; lastKnownFileType = sourcecode.cpp.cpp; path = Skybox.cpp; sourceTree = "<group>"; };
		0DEF475A22C2B98600258E6C /* Skybox.hpp */ = {isa = PBXFileReference; lastKnownFileType = sourcecode.cpp.h; path = Skybox.hpp; sourceTree = "<group>"; };
		0DEF475D22C3ACFC00258E6C /* ITexture.hpp */ = {isa = PBXFileReference; lastKnownFileType = sourcecode.cpp.h; path = ITexture.hpp; sourceTree = "<group>"; };
		0DEF475F22C3B0E000258E6C /* CubemapTexture.cpp */ = {isa = PBXFileReference; lastKnownFileType = sourcecode.cpp.cpp; path = CubemapTexture.cpp; sourceTree = "<group>"; };
		0DEF476022C3B0E000258E6C /* CubemapTexture.hpp */ = {isa = PBXFileReference; lastKnownFileType = sourcecode.cpp.h; path = CubemapTexture.hpp; sourceTree = "<group>"; };
		0DEF476222C3B49600258E6C /* BaseTexture.cpp */ = {isa = PBXFileReference; lastKnownFileType = sourcecode.cpp.cpp; path = BaseTexture.cpp; sourceTree = "<group>"; };
		0DEF476322C3B49600258E6C /* BaseTexture.hpp */ = {isa = PBXFileReference; lastKnownFileType = sourcecode.cpp.h; path = BaseTexture.hpp; sourceTree = "<group>"; };
		0DEF476522C3F98D00258E6C /* reflection_shader.frag */ = {isa = PBXFileReference; lastKnownFileType = sourcecode.glsl; path = reflection_shader.frag; sourceTree = "<group>"; };
		0DF4E6EC22BCEFFE00F42D88 /* Framebuffer.cpp */ = {isa = PBXFileReference; lastKnownFileType = sourcecode.cpp.cpp; path = Framebuffer.cpp; sourceTree = "<group>"; };
		0DF4E6ED22BCEFFE00F42D88 /* Framebuffer.hpp */ = {isa = PBXFileReference; lastKnownFileType = sourcecode.cpp.h; path = Framebuffer.hpp; sourceTree = "<group>"; };
		0DF5B20622AEF01600BDFF16 /* container2.png */ = {isa = PBXFileReference; lastKnownFileType = image.png; path = container2.png; sourceTree = "<group>"; };
		0DF5B20822AEF26B00BDFF16 /* container2_specular.png */ = {isa = PBXFileReference; lastKnownFileType = image.png; path = container2_specular.png; sourceTree = "<group>"; };
		0DF5B20A22AEF7E600BDFF16 /* matrix.jpg */ = {isa = PBXFileReference; lastKnownFileType = image.jpeg; path = matrix.jpg; sourceTree = "<group>"; };
		0DF5B20C22B042DA00BDFF16 /* libassimp.4.1.0.dylib */ = {isa = PBXFileReference; lastKnownFileType = "compiled.mach-o.dylib"; name = libassimp.4.1.0.dylib; path = ../../../../../../usr/local/Cellar/assimp/4.1.0/lib/libassimp.4.1.0.dylib; sourceTree = "<group>"; };
/* End PBXFileReference section */

/* Begin PBXFrameworksBuildPhase section */
		0D03123022A870C900D6077C /* Frameworks */ = {
			isa = PBXFrameworksBuildPhase;
			buildActionMask = 2147483647;
			files = (
				0DF5B20D22B042DA00BDFF16 /* libassimp.4.1.0.dylib in Frameworks */,
				0D769C5722AC1FEA006F9C42 /* libSOIL.dylib in Frameworks */,
				0D03124322A8713900D6077C /* libglfw.3.3.dylib in Frameworks */,
				0D03124122A8711F00D6077C /* libGLEW.2.1.0.dylib in Frameworks */,
				0D03123F22A870FA00D6077C /* OpenGL.framework in Frameworks */,
			);
			runOnlyForDeploymentPostprocessing = 0;
		};
/* End PBXFrameworksBuildPhase section */

/* Begin PBXGroup section */
		0D03122A22A870C900D6077C = {
			isa = PBXGroup;
			children = (
				0D03123522A870C900D6077C /* opengl */,
				0D03123422A870C900D6077C /* Products */,
				0D03123D22A870FA00D6077C /* Frameworks */,
			);
			sourceTree = "<group>";
		};
		0D03123422A870C900D6077C /* Products */ = {
			isa = PBXGroup;
			children = (
				0D03123322A870C900D6077C /* opengl */,
			);
			name = Products;
			sourceTree = "<group>";
		};
		0D03123522A870C900D6077C /* opengl */ = {
			isa = PBXGroup;
			children = (
				0DCC963722B6B77D00F08687 /* marble.jpg */,
				0DCC964122B6CFED00F08687 /* blending_transparent_window.png */,
				0DCC963822B6B77D00F08687 /* metal.png */,
				0DCC963D22B6CB0400F08687 /* grass.png */,
				0DED18A822B4246400A0133C /* cube2.obj */,
				0DED18A422B4193D00A0133C /* cube.obj */,
				0DED18A622B4206D00A0133C /* Crate1.obj */,
				0DEF475322C2A9CA00258E6C /* skybox */,
				0D797B7022B108FB006F766A /* nanosuit */,
				0D769C5822AC22E2006F9C42 /* resources */,
				0D868F3922AA56CB009CDC5F /* shaders */,
				0D0D64BA22A9A4860020A028 /* engine */,
				0D03123622A870C900D6077C /* main.cpp */,
			);
			path = opengl;
			sourceTree = "<group>";
		};
		0D03123D22A870FA00D6077C /* Frameworks */ = {
			isa = PBXGroup;
			children = (
				0DF5B20C22B042DA00BDFF16 /* libassimp.4.1.0.dylib */,
				0D769C5222AC1D95006F9C42 /* libSOIL.dylib */,
				0D769C5622AC1FEA006F9C42 /* libSOIL.dylib */,
				0D03124222A8713800D6077C /* libglfw.3.3.dylib */,
				0D03124022A8711F00D6077C /* libGLEW.2.1.0.dylib */,
				0D03123E22A870FA00D6077C /* OpenGL.framework */,
			);
			name = Frameworks;
			sourceTree = "<group>";
		};
		0D0D64BA22A9A4860020A028 /* engine */ = {
			isa = PBXGroup;
			children = (
				0D0D64BB22A9A49B0020A028 /* Shader.cpp */,
				0D0D64BC22A9A49B0020A028 /* Shader.hpp */,
				0D0D64BE22A9AC3B0020A028 /* Program.cpp */,
				0D0D64BF22A9AC3B0020A028 /* Program.hpp */,
				0D769C4A22AA7DEF006F9C42 /* VertexBufferObject.cpp */,
				0D769C4B22AA7DEF006F9C42 /* VertexBufferObject.hpp */,
				0D769C5D22AD11FB006F9C42 /* Texture.cpp */,
				0D769C5E22AD11FB006F9C42 /* Texture.hpp */,
				0D4ED4B822AD4CB10067276E /* camera.cpp */,
				0D4ED4B922AD4CB10067276E /* camera.hpp */,
				0D4ED4BC22AD61240067276E /* Scene.hpp */,
				0D4ED4BB22AD61240067276E /* Scene.cpp */,
				0D797B6A22B103E7006F766A /* Mesh.cpp */,
				0D797B6B22B103E7006F766A /* Mesh.hpp */,
				0D797B6D22B10718006F766A /* Model.cpp */,
				0D797B6E22B10718006F766A /* Model.hpp */,
				0DCC964322B6D9A400F08687 /* constants.cpp */,
				0DCC964422B6D9A400F08687 /* constants.hpp */,
				0DF4E6EC22BCEFFE00F42D88 /* Framebuffer.cpp */,
				0DF4E6ED22BCEFFE00F42D88 /* Framebuffer.hpp */,
				0D1AEEF122C0C33A007C96FF /* Cube.cpp */,
				0D1AEEF222C0C33A007C96FF /* Cube.hpp */,
				0DEF475922C2B98600258E6C /* Skybox.cpp */,
				0DEF475A22C2B98600258E6C /* Skybox.hpp */,
				0DEF475D22C3ACFC00258E6C /* ITexture.hpp */,
				0DEF475F22C3B0E000258E6C /* CubemapTexture.cpp */,
				0DEF476022C3B0E000258E6C /* CubemapTexture.hpp */,
				0DEF476222C3B49600258E6C /* BaseTexture.cpp */,
				0DEF476322C3B49600258E6C /* BaseTexture.hpp */,
			);
			path = engine;
			sourceTree = "<group>";
		};
		0D769C5822AC22E2006F9C42 /* resources */ = {
			isa = PBXGroup;
			children = (
				0D769C5922AC2356006F9C42 /* container.jpg */,
				0DF5B20A22AEF7E600BDFF16 /* matrix.jpg */,
				0DF5B20622AEF01600BDFF16 /* container2.png */,
				0DF5B20822AEF26B00BDFF16 /* container2_specular.png */,
				0D769C5B22AC275F006F9C42 /* awesomeface.png */,
			);
			path = resources;
			sourceTree = "<group>";
		};
		0D868F3922AA56CB009CDC5F /* shaders */ = {
			isa = PBXGroup;
			children = (
				0DEF476522C3F98D00258E6C /* reflection_shader.frag */,
				0D0D64C222A9B5210020A028 /* vShader.vert */,
				0D90CEDA22AE426500E5789B /* fShaderLight.frag */,
				0D868F3B22AA56FC009CDC5F /* vShader.vert */,
				0DCC963F22B6CBDA00F08687 /* shader_blending.frag */,
				0DB62C0722B97D5300021E0B /* postprocessing_fShader.frag */,
				0DB62C0822B97D5300021E0B /* postprocessing_vShader.vert */,
				0DCC963B22B6B83300F08687 /* deph_test.frag */,
				0D868F3A22AA56FC009CDC5F /* fShader.frag */,
				0DEF475622C2ADBF00258E6C /* skybox_shader.frag */,
				0DEF475522C2ADBF00258E6C /* skybox_shader.vert */,
				0D0D64C122A9B5130020A028 /* fShader.frag */,
			);
			path = shaders;
			sourceTree = "<group>";
		};
/* End PBXGroup section */

/* Begin PBXNativeTarget section */
		0D03123222A870C900D6077C /* opengl */ = {
			isa = PBXNativeTarget;
			buildConfigurationList = 0D03123A22A870C900D6077C /* Build configuration list for PBXNativeTarget "opengl" */;
			buildPhases = (
				0D03122F22A870C900D6077C /* Sources */,
				0D03123022A870C900D6077C /* Frameworks */,
				0D03123122A870C900D6077C /* CopyFiles */,
				0D868F3822AA5688009CDC5F /* CopyFiles */,
			);
			buildRules = (
			);
			dependencies = (
			);
			name = opengl;
			productName = opengl;
			productReference = 0D03123322A870C900D6077C /* opengl */;
			productType = "com.apple.product-type.tool";
		};
/* End PBXNativeTarget section */

/* Begin PBXProject section */
		0D03122B22A870C900D6077C /* Project object */ = {
			isa = PBXProject;
			attributes = {
				LastUpgradeCheck = 1020;
				ORGANIZATIONNAME = "Vladislav Khudiakov";
				TargetAttributes = {
					0D03123222A870C900D6077C = {
						CreatedOnToolsVersion = 10.2.1;
					};
				};
			};
			buildConfigurationList = 0D03122E22A870C900D6077C /* Build configuration list for PBXProject "opengl" */;
			compatibilityVersion = "Xcode 9.3";
			developmentRegion = en;
			hasScannedForEncodings = 0;
			knownRegions = (
				en,
			);
			mainGroup = 0D03122A22A870C900D6077C;
			productRefGroup = 0D03123422A870C900D6077C /* Products */;
			projectDirPath = "";
			projectRoot = "";
			targets = (
				0D03123222A870C900D6077C /* opengl */,
			);
		};
/* End PBXProject section */

/* Begin PBXSourcesBuildPhase section */
		0D03122F22A870C900D6077C /* Sources */ = {
			isa = PBXSourcesBuildPhase;
			buildActionMask = 2147483647;
			files = (
				0D1AEEF322C0C33A007C96FF /* Cube.cpp in Sources */,
				0DEF476122C3B0E000258E6C /* CubemapTexture.cpp in Sources */,
				0D4ED4BD22AD61240067276E /* Scene.cpp in Sources */,
				0D4ED4BA22AD4CB10067276E /* camera.cpp in Sources */,
				0D0D64C022A9AC3B0020A028 /* Program.cpp in Sources */,
				0DCC964522B6D9A400F08687 /* constants.cpp in Sources */,
				0D797B6F22B10718006F766A /* Model.cpp in Sources */,
				0D0D64BD22A9A49B0020A028 /* Shader.cpp in Sources */,
				0D769C5F22AD11FB006F9C42 /* Texture.cpp in Sources */,
				0D769C4C22AA7DEF006F9C42 /* VertexBufferObject.cpp in Sources */,
				0D03123722A870C900D6077C /* main.cpp in Sources */,
				0DEF476422C3B49600258E6C /* BaseTexture.cpp in Sources */,
				0D797B6C22B103E7006F766A /* Mesh.cpp in Sources */,
				0DEF475B22C2B98600258E6C /* Skybox.cpp in Sources */,
				0DF4E6EE22BCEFFE00F42D88 /* Framebuffer.cpp in Sources */,
			);
			runOnlyForDeploymentPostprocessing = 0;
		};
/* End PBXSourcesBuildPhase section */

/* Begin XCBuildConfiguration section */
		0D03123822A870C900D6077C /* Debug */ = {
			isa = XCBuildConfiguration;
			buildSettings = {
				ALWAYS_SEARCH_USER_PATHS = NO;
				CLANG_ANALYZER_NONNULL = YES;
				CLANG_ANALYZER_NUMBER_OBJECT_CONVERSION = YES_AGGRESSIVE;
				CLANG_CXX_LANGUAGE_STANDARD = "gnu++14";
				CLANG_CXX_LIBRARY = "libc++";
				CLANG_ENABLE_MODULES = YES;
				CLANG_ENABLE_OBJC_ARC = YES;
				CLANG_ENABLE_OBJC_WEAK = YES;
				CLANG_WARN_BLOCK_CAPTURE_AUTORELEASING = YES;
				CLANG_WARN_BOOL_CONVERSION = YES;
				CLANG_WARN_COMMA = YES;
				CLANG_WARN_CONSTANT_CONVERSION = YES;
				CLANG_WARN_DEPRECATED_OBJC_IMPLEMENTATIONS = YES;
				CLANG_WARN_DIRECT_OBJC_ISA_USAGE = YES_ERROR;
				CLANG_WARN_DOCUMENTATION_COMMENTS = YES;
				CLANG_WARN_EMPTY_BODY = YES;
				CLANG_WARN_ENUM_CONVERSION = YES;
				CLANG_WARN_INFINITE_RECURSION = YES;
				CLANG_WARN_INT_CONVERSION = YES;
				CLANG_WARN_NON_LITERAL_NULL_CONVERSION = YES;
				CLANG_WARN_OBJC_IMPLICIT_RETAIN_SELF = YES;
				CLANG_WARN_OBJC_LITERAL_CONVERSION = YES;
				CLANG_WARN_OBJC_ROOT_CLASS = YES_ERROR;
				CLANG_WARN_RANGE_LOOP_ANALYSIS = YES;
				CLANG_WARN_STRICT_PROTOTYPES = YES;
				CLANG_WARN_SUSPICIOUS_MOVE = YES;
				CLANG_WARN_UNGUARDED_AVAILABILITY = YES_AGGRESSIVE;
				CLANG_WARN_UNREACHABLE_CODE = YES;
				CLANG_WARN__DUPLICATE_METHOD_MATCH = YES;
				CODE_SIGN_IDENTITY = "Mac Developer";
				COPY_PHASE_STRIP = NO;
				DEBUG_INFORMATION_FORMAT = dwarf;
				ENABLE_STRICT_OBJC_MSGSEND = YES;
				ENABLE_TESTABILITY = YES;
				GCC_C_LANGUAGE_STANDARD = gnu11;
				GCC_DYNAMIC_NO_PIC = NO;
				GCC_NO_COMMON_BLOCKS = YES;
				GCC_OPTIMIZATION_LEVEL = 0;
				GCC_PREPROCESSOR_DEFINITIONS = (
					"DEBUG=1",
					"$(inherited)",
				);
				GCC_WARN_64_TO_32_BIT_CONVERSION = YES;
				GCC_WARN_ABOUT_RETURN_TYPE = YES_ERROR;
				GCC_WARN_UNDECLARED_SELECTOR = YES;
				GCC_WARN_UNINITIALIZED_AUTOS = YES_AGGRESSIVE;
				GCC_WARN_UNUSED_FUNCTION = YES;
				GCC_WARN_UNUSED_VARIABLE = YES;
				MACOSX_DEPLOYMENT_TARGET = 10.14;
				MTL_ENABLE_DEBUG_INFO = INCLUDE_SOURCE;
				MTL_FAST_MATH = YES;
				ONLY_ACTIVE_ARCH = YES;
				SDKROOT = macosx;
			};
			name = Debug;
		};
		0D03123922A870C900D6077C /* Release */ = {
			isa = XCBuildConfiguration;
			buildSettings = {
				ALWAYS_SEARCH_USER_PATHS = NO;
				CLANG_ANALYZER_NONNULL = YES;
				CLANG_ANALYZER_NUMBER_OBJECT_CONVERSION = YES_AGGRESSIVE;
				CLANG_CXX_LANGUAGE_STANDARD = "gnu++14";
				CLANG_CXX_LIBRARY = "libc++";
				CLANG_ENABLE_MODULES = YES;
				CLANG_ENABLE_OBJC_ARC = YES;
				CLANG_ENABLE_OBJC_WEAK = YES;
				CLANG_WARN_BLOCK_CAPTURE_AUTORELEASING = YES;
				CLANG_WARN_BOOL_CONVERSION = YES;
				CLANG_WARN_COMMA = YES;
				CLANG_WARN_CONSTANT_CONVERSION = YES;
				CLANG_WARN_DEPRECATED_OBJC_IMPLEMENTATIONS = YES;
				CLANG_WARN_DIRECT_OBJC_ISA_USAGE = YES_ERROR;
				CLANG_WARN_DOCUMENTATION_COMMENTS = YES;
				CLANG_WARN_EMPTY_BODY = YES;
				CLANG_WARN_ENUM_CONVERSION = YES;
				CLANG_WARN_INFINITE_RECURSION = YES;
				CLANG_WARN_INT_CONVERSION = YES;
				CLANG_WARN_NON_LITERAL_NULL_CONVERSION = YES;
				CLANG_WARN_OBJC_IMPLICIT_RETAIN_SELF = YES;
				CLANG_WARN_OBJC_LITERAL_CONVERSION = YES;
				CLANG_WARN_OBJC_ROOT_CLASS = YES_ERROR;
				CLANG_WARN_RANGE_LOOP_ANALYSIS = YES;
				CLANG_WARN_STRICT_PROTOTYPES = YES;
				CLANG_WARN_SUSPICIOUS_MOVE = YES;
				CLANG_WARN_UNGUARDED_AVAILABILITY = YES_AGGRESSIVE;
				CLANG_WARN_UNREACHABLE_CODE = YES;
				CLANG_WARN__DUPLICATE_METHOD_MATCH = YES;
				CODE_SIGN_IDENTITY = "Mac Developer";
				COPY_PHASE_STRIP = NO;
				DEBUG_INFORMATION_FORMAT = "dwarf-with-dsym";
				ENABLE_NS_ASSERTIONS = NO;
				ENABLE_STRICT_OBJC_MSGSEND = YES;
				GCC_C_LANGUAGE_STANDARD = gnu11;
				GCC_NO_COMMON_BLOCKS = YES;
				GCC_WARN_64_TO_32_BIT_CONVERSION = YES;
				GCC_WARN_ABOUT_RETURN_TYPE = YES_ERROR;
				GCC_WARN_UNDECLARED_SELECTOR = YES;
				GCC_WARN_UNINITIALIZED_AUTOS = YES_AGGRESSIVE;
				GCC_WARN_UNUSED_FUNCTION = YES;
				GCC_WARN_UNUSED_VARIABLE = YES;
				MACOSX_DEPLOYMENT_TARGET = 10.14;
				MTL_ENABLE_DEBUG_INFO = NO;
				MTL_FAST_MATH = YES;
				SDKROOT = macosx;
			};
			name = Release;
		};
		0D03123B22A870C900D6077C /* Debug */ = {
			isa = XCBuildConfiguration;
			buildSettings = {
				CLANG_CXX_LANGUAGE_STANDARD = "gnu++17";
				CLANG_WARN_ATOMIC_IMPLICIT_SEQ_CST = YES;
				CLANG_WARN_CXX0X_EXTENSIONS = YES;
				CLANG_WARN__EXIT_TIME_DESTRUCTORS = NO;
				CODE_SIGN_STYLE = Automatic;
				DEVELOPMENT_TEAM = 7M958ZX4GY;
				GCC_WARN_HIDDEN_VIRTUAL_FUNCTIONS = NO;
				GCC_WARN_NON_VIRTUAL_DESTRUCTOR = YES;
				HEADER_SEARCH_PATHS = /usr/local/include;
				LIBRARY_SEARCH_PATHS = (
					"$(inherited)",
					/usr/local/Cellar/glew/2.1.0/lib,
					/usr/local/Cellar/glfw/3.3/lib,
					/usr/local/Cellar/libSOIL,
					/usr/local/Cellar/assimp/4.1.0/lib,
				);
				PRODUCT_NAME = "$(TARGET_NAME)";
			};
			name = Debug;
		};
		0D03123C22A870C900D6077C /* Release */ = {
			isa = XCBuildConfiguration;
			buildSettings = {
				CLANG_CXX_LANGUAGE_STANDARD = "gnu++17";
				CLANG_WARN_ATOMIC_IMPLICIT_SEQ_CST = YES;
				CLANG_WARN_CXX0X_EXTENSIONS = YES;
				CLANG_WARN__EXIT_TIME_DESTRUCTORS = NO;
				CODE_SIGN_STYLE = Automatic;
				DEVELOPMENT_TEAM = 7M958ZX4GY;
				GCC_WARN_HIDDEN_VIRTUAL_FUNCTIONS = NO;
				GCC_WARN_NON_VIRTUAL_DESTRUCTOR = YES;
				HEADER_SEARCH_PATHS = /usr/local/include;
				LIBRARY_SEARCH_PATHS = (
					"$(inherited)",
					/usr/local/Cellar/glew/2.1.0/lib,
					/usr/local/Cellar/glfw/3.3/lib,
					/usr/local/Cellar/libSOIL,
					/usr/local/Cellar/assimp/4.1.0/lib,
				);
				PRODUCT_NAME = "$(TARGET_NAME)";
			};
			name = Release;
		};
/* End XCBuildConfiguration section */

/* Begin XCConfigurationList section */
		0D03122E22A870C900D6077C /* Build configuration list for PBXProject "opengl" */ = {
			isa = XCConfigurationList;
			buildConfigurations = (
				0D03123822A870C900D6077C /* Debug */,
				0D03123922A870C900D6077C /* Release */,
			);
			defaultConfigurationIsVisible = 0;
			defaultConfigurationName = Release;
		};
		0D03123A22A870C900D6077C /* Build configuration list for PBXNativeTarget "opengl" */ = {
			isa = XCConfigurationList;
			buildConfigurations = (
				0D03123B22A870C900D6077C /* Debug */,
				0D03123C22A870C900D6077C /* Release */,
			);
			defaultConfigurationIsVisible = 0;
			defaultConfigurationName = Release;
		};
/* End XCConfigurationList section */
	};
	rootObject = 0D03122B22A870C900D6077C /* Project object */;
}
